
Microsoft Visual Studio Solution File, Format Version 12.00
# Visual Studio Version 17
VisualStudioVersion = 17.4.33213.308
MinimumVisualStudioVersion = 10.0.40219.1
Project("{FAE04EC0-301F-11D3-BF4B-00C04F79EFBC}") = "Tarea1", "Tarea1\Tarea1.csproj", "{ACCAABB3-B07C-46C7-92F7-3466E608BC40}"
EndProject
Global
	GlobalSection(SolutionConfigurationPlatforms) = preSolution
		Debug|Any CPU = Debug|Any CPU
		Release|Any CPU = Release|Any CPU
	EndGlobalSection
	GlobalSection(ProjectConfigurationPlatforms) = postSolution
		{ACCAABB3-B07C-46C7-92F7-3466E608BC40}.Debug|Any CPU.ActiveCfg = Debug|Any CPU
		{ACCAABB3-B07C-46C7-92F7-3466E608BC40}.Debug|Any CPU.Build.0 = Debug|Any CPU
		{ACCAABB3-B07C-46C7-92F7-3466E608BC40}.Release|Any CPU.ActiveCfg = Release|Any CPU
		{ACCAABB3-B07C-46C7-92F7-3466E608BC40}.Release|Any CPU.Build.0 = Release|Any CPU
	EndGlobalSection
	GlobalSection(SolutionProperties) = preSolution
		HideSolutionNode = FALSE
	EndGlobalSection
	GlobalSection(ExtensibilityGlobals) = postSolution
		SolutionGuid = {214F72AF-E5D6-4520-A87F-3AA90E1E1A24}
	EndGlobalSection
EndGlobal
